// !$*UTF8*$!
{
	archiveVersion = 1;
	classes = {
	};
	objectVersion = 48;
	objects = {

/* Begin PBXBuildFile section */
		32EAD00B367FFB5E19F4A392 /* Pods_secondAppUITests.framework in Frameworks */ = {isa = PBXBuildFile; fileRef = E62580DF625C3E45D4BF6375 /* Pods_secondAppUITests.framework */; };
		6D36086D2035A04B00B2C1FE /* SlideViewController.swift in Sources */ = {isa = PBXBuildFile; fileRef = 6D36086C2035A04B00B2C1FE /* SlideViewController.swift */; };
		6D36086F203BAB6300B2C1FE /* LeftViewController.swift in Sources */ = {isa = PBXBuildFile; fileRef = 6D36086E203BAB6300B2C1FE /* LeftViewController.swift */; };
		6D360871203BB76500B2C1FE /* LeftCell.swift in Sources */ = {isa = PBXBuildFile; fileRef = 6D360870203BB76500B2C1FE /* LeftCell.swift */; };
		6D360873203BBABA00B2C1FE /* PlansViewController.swift in Sources */ = {isa = PBXBuildFile; fileRef = 6D360872203BBABA00B2C1FE /* PlansViewController.swift */; };
		6D360875203BBB2300B2C1FE /* UsersViewController.swift in Sources */ = {isa = PBXBuildFile; fileRef = 6D360874203BBB2300B2C1FE /* UsersViewController.swift */; };
		6D360877203BBB5F00B2C1FE /* QuestionsViewController.swift in Sources */ = {isa = PBXBuildFile; fileRef = 6D360876203BBB5F00B2C1FE /* QuestionsViewController.swift */; };
		6D360879203BBB9100B2C1FE /* SettingsViewController.swift in Sources */ = {isa = PBXBuildFile; fileRef = 6D360878203BBB9100B2C1FE /* SettingsViewController.swift */; };
		6D36087B2045DF4000B2C1FE /* UsersCell.swift in Sources */ = {isa = PBXBuildFile; fileRef = 6D36087A2045DF4000B2C1FE /* UsersCell.swift */; };
		6D36087D2047B56E00B2C1FE /* QuestionsCell.swift in Sources */ = {isa = PBXBuildFile; fileRef = 6D36087C2047B56E00B2C1FE /* QuestionsCell.swift */; };
		6DD728EE2017BE88009BF0E3 /* AppDelegate.swift in Sources */ = {isa = PBXBuildFile; fileRef = 6DD728ED2017BE88009BF0E3 /* AppDelegate.swift */; };
		6DD728F02017BE88009BF0E3 /* ViewController.swift in Sources */ = {isa = PBXBuildFile; fileRef = 6DD728EF2017BE88009BF0E3 /* ViewController.swift */; };
		6DD728F32017BE88009BF0E3 /* Main.storyboard in Resources */ = {isa = PBXBuildFile; fileRef = 6DD728F12017BE88009BF0E3 /* Main.storyboard */; };
		6DD728F62017BE88009BF0E3 /* secondApp.xcdatamodeld in Sources */ = {isa = PBXBuildFile; fileRef = 6DD728F42017BE88009BF0E3 /* secondApp.xcdatamodeld */; };
		6DD728F82017BE88009BF0E3 /* Assets.xcassets in Resources */ = {isa = PBXBuildFile; fileRef = 6DD728F72017BE88009BF0E3 /* Assets.xcassets */; };
		6DD728FB2017BE88009BF0E3 /* LaunchScreen.storyboard in Resources */ = {isa = PBXBuildFile; fileRef = 6DD728F92017BE88009BF0E3 /* LaunchScreen.storyboard */; };
		6DD729062017BE88009BF0E3 /* secondAppTests.swift in Sources */ = {isa = PBXBuildFile; fileRef = 6DD729052017BE88009BF0E3 /* secondAppTests.swift */; };
		6DD729112017BE88009BF0E3 /* secondAppUITests.swift in Sources */ = {isa = PBXBuildFile; fileRef = 6DD729102017BE88009BF0E3 /* secondAppUITests.swift */; };
		7418071BCF49517F5016826C /* Pods_secondApp.framework in Frameworks */ = {isa = PBXBuildFile; fileRef = 20EC06184BFFE1DF667C183C /* Pods_secondApp.framework */; };
		92D1F86F34468B00AE46BF07 /* Pods_secondAppTests.framework in Frameworks */ = {isa = PBXBuildFile; fileRef = 204293CBFBD4B9071E49E969 /* Pods_secondAppTests.framework */; };
/* End PBXBuildFile section */

/* Begin PBXContainerItemProxy section */
		6DD729022017BE88009BF0E3 /* PBXContainerItemProxy */ = {
			isa = PBXContainerItemProxy;
			containerPortal = 6DD728E22017BE87009BF0E3 /* Project object */;
			proxyType = 1;
			remoteGlobalIDString = 6DD728E92017BE87009BF0E3;
			remoteInfo = secondApp;
		};
		6DD7290D2017BE88009BF0E3 /* PBXContainerItemProxy */ = {
			isa = PBXContainerItemProxy;
			containerPortal = 6DD728E22017BE87009BF0E3 /* Project object */;
			proxyType = 1;
			remoteGlobalIDString = 6DD728E92017BE87009BF0E3;
			remoteInfo = secondApp;
		};
/* End PBXContainerItemProxy section */

/* Begin PBXFileReference section */
		1D373E6F2CF0DDF03463BFA1 /* Pods-secondAppTests.debug.xcconfig */ = {isa = PBXFileReference; includeInIndex = 1; lastKnownFileType = text.xcconfig; name = "Pods-secondAppTests.debug.xcconfig"; path = "Pods/Target Support Files/Pods-secondAppTests/Pods-secondAppTests.debug.xcconfig"; sourceTree = "<group>"; };
		204293CBFBD4B9071E49E969 /* Pods_secondAppTests.framework */ = {isa = PBXFileReference; explicitFileType = wrapper.framework; includeInIndex = 0; path = Pods_secondAppTests.framework; sourceTree = BUILT_PRODUCTS_DIR; };
		20EC06184BFFE1DF667C183C /* Pods_secondApp.framework */ = {isa = PBXFileReference; explicitFileType = wrapper.framework; includeInIndex = 0; path = Pods_secondApp.framework; sourceTree = BUILT_PRODUCTS_DIR; };
		242B0CD14059F735C4D026F0 /* Pods-secondApp.debug.xcconfig */ = {isa = PBXFileReference; includeInIndex = 1; lastKnownFileType = text.xcconfig; name = "Pods-secondApp.debug.xcconfig"; path = "Pods/Target Support Files/Pods-secondApp/Pods-secondApp.debug.xcconfig"; sourceTree = "<group>"; };
		25CCCD6FD0A9EAD4344977F5 /* Pods-secondAppUITests.release.xcconfig */ = {isa = PBXFileReference; includeInIndex = 1; lastKnownFileType = text.xcconfig; name = "Pods-secondAppUITests.release.xcconfig"; path = "Pods/Target Support Files/Pods-secondAppUITests/Pods-secondAppUITests.release.xcconfig"; sourceTree = "<group>"; };
		66D6ADB6E81F3EFDBC9F9C43 /* Pods-secondApp.release.xcconfig */ = {isa = PBXFileReference; includeInIndex = 1; lastKnownFileType = text.xcconfig; name = "Pods-secondApp.release.xcconfig"; path = "Pods/Target Support Files/Pods-secondApp/Pods-secondApp.release.xcconfig"; sourceTree = "<group>"; };
		6D36086C2035A04B00B2C1FE /* SlideViewController.swift */ = {isa = PBXFileReference; lastKnownFileType = sourcecode.swift; path = SlideViewController.swift; sourceTree = "<group>"; };
		6D36086E203BAB6300B2C1FE /* LeftViewController.swift */ = {isa = PBXFileReference; lastKnownFileType = sourcecode.swift; path = LeftViewController.swift; sourceTree = "<group>"; };
		6D360870203BB76500B2C1FE /* LeftCell.swift */ = {isa = PBXFileReference; lastKnownFileType = sourcecode.swift; path = LeftCell.swift; sourceTree = "<group>"; };
		6D360872203BBABA00B2C1FE /* PlansViewController.swift */ = {isa = PBXFileReference; lastKnownFileType = sourcecode.swift; path = PlansViewController.swift; sourceTree = "<group>"; };
		6D360874203BBB2300B2C1FE /* UsersViewController.swift */ = {isa = PBXFileReference; lastKnownFileType = sourcecode.swift; path = UsersViewController.swift; sourceTree = "<group>"; };
		6D360876203BBB5F00B2C1FE /* QuestionsViewController.swift */ = {isa = PBXFileReference; lastKnownFileType = sourcecode.swift; path = QuestionsViewController.swift; sourceTree = "<group>"; };
		6D360878203BBB9100B2C1FE /* SettingsViewController.swift */ = {isa = PBXFileReference; lastKnownFileType = sourcecode.swift; path = SettingsViewController.swift; sourceTree = "<group>"; };
		6D36087A2045DF4000B2C1FE /* UsersCell.swift */ = {isa = PBXFileReference; lastKnownFileType = sourcecode.swift; path = UsersCell.swift; sourceTree = "<group>"; };
		6D36087C2047B56E00B2C1FE /* QuestionsCell.swift */ = {isa = PBXFileReference; lastKnownFileType = sourcecode.swift; path = QuestionsCell.swift; sourceTree = "<group>"; };
		6DD728EA2017BE88009BF0E3 /* secondApp.app */ = {isa = PBXFileReference; explicitFileType = wrapper.application; includeInIndex = 0; path = secondApp.app; sourceTree = BUILT_PRODUCTS_DIR; };
		6DD728ED2017BE88009BF0E3 /* AppDelegate.swift */ = {isa = PBXFileReference; lastKnownFileType = sourcecode.swift; path = AppDelegate.swift; sourceTree = "<group>"; };
		6DD728EF2017BE88009BF0E3 /* ViewController.swift */ = {isa = PBXFileReference; lastKnownFileType = sourcecode.swift; path = ViewController.swift; sourceTree = "<group>"; };
		6DD728F22017BE88009BF0E3 /* Base */ = {isa = PBXFileReference; lastKnownFileType = file.storyboard; name = Base; path = Base.lproj/Main.storyboard; sourceTree = "<group>"; };
		6DD728F52017BE88009BF0E3 /* secondApp.xcdatamodel */ = {isa = PBXFileReference; lastKnownFileType = wrapper.xcdatamodel; path = secondApp.xcdatamodel; sourceTree = "<group>"; };
		6DD728F72017BE88009BF0E3 /* Assets.xcassets */ = {isa = PBXFileReference; lastKnownFileType = folder.assetcatalog; path = Assets.xcassets; sourceTree = "<group>"; };
		6DD728FA2017BE88009BF0E3 /* Base */ = {isa = PBXFileReference; lastKnownFileType = file.storyboard; name = Base; path = Base.lproj/LaunchScreen.storyboard; sourceTree = "<group>"; };
		6DD728FC2017BE88009BF0E3 /* Info.plist */ = {isa = PBXFileReference; lastKnownFileType = text.plist.xml; path = Info.plist; sourceTree = "<group>"; };
		6DD729012017BE88009BF0E3 /* secondAppTests.xctest */ = {isa = PBXFileReference; explicitFileType = wrapper.cfbundle; includeInIndex = 0; path = secondAppTests.xctest; sourceTree = BUILT_PRODUCTS_DIR; };
		6DD729052017BE88009BF0E3 /* secondAppTests.swift */ = {isa = PBXFileReference; lastKnownFileType = sourcecode.swift; path = secondAppTests.swift; sourceTree = "<group>"; };
		6DD729072017BE88009BF0E3 /* Info.plist */ = {isa = PBXFileReference; lastKnownFileType = text.plist.xml; path = Info.plist; sourceTree = "<group>"; };
		6DD7290C2017BE88009BF0E3 /* secondAppUITests.xctest */ = {isa = PBXFileReference; explicitFileType = wrapper.cfbundle; includeInIndex = 0; path = secondAppUITests.xctest; sourceTree = BUILT_PRODUCTS_DIR; };
		6DD729102017BE88009BF0E3 /* secondAppUITests.swift */ = {isa = PBXFileReference; lastKnownFileType = sourcecode.swift; path = secondAppUITests.swift; sourceTree = "<group>"; };
		6DD729122017BE88009BF0E3 /* Info.plist */ = {isa = PBXFileReference; lastKnownFileType = text.plist.xml; path = Info.plist; sourceTree = "<group>"; };
		72430F75D4E2ECCC1222D1ED /* Pods-secondAppTests.release.xcconfig */ = {isa = PBXFileReference; includeInIndex = 1; lastKnownFileType = text.xcconfig; name = "Pods-secondAppTests.release.xcconfig"; path = "Pods/Target Support Files/Pods-secondAppTests/Pods-secondAppTests.release.xcconfig"; sourceTree = "<group>"; };
		E62580DF625C3E45D4BF6375 /* Pods_secondAppUITests.framework */ = {isa = PBXFileReference; explicitFileType = wrapper.framework; includeInIndex = 0; path = Pods_secondAppUITests.framework; sourceTree = BUILT_PRODUCTS_DIR; };
		F98701908CD37E3D23EB0BA8 /* Pods-secondAppUITests.debug.xcconfig */ = {isa = PBXFileReference; includeInIndex = 1; lastKnownFileType = text.xcconfig; name = "Pods-secondAppUITests.debug.xcconfig"; path = "Pods/Target Support Files/Pods-secondAppUITests/Pods-secondAppUITests.debug.xcconfig"; sourceTree = "<group>"; };
/* End PBXFileReference section */

/* Begin PBXFrameworksBuildPhase section */
		6DD728E72017BE87009BF0E3 /* Frameworks */ = {
			isa = PBXFrameworksBuildPhase;
			buildActionMask = 2147483647;
			files = (
				7418071BCF49517F5016826C /* Pods_secondApp.framework in Frameworks */,
			);
			runOnlyForDeploymentPostprocessing = 0;
		};
		6DD728FE2017BE88009BF0E3 /* Frameworks */ = {
			isa = PBXFrameworksBuildPhase;
			buildActionMask = 2147483647;
			files = (
				92D1F86F34468B00AE46BF07 /* Pods_secondAppTests.framework in Frameworks */,
			);
			runOnlyForDeploymentPostprocessing = 0;
		};
		6DD729092017BE88009BF0E3 /* Frameworks */ = {
			isa = PBXFrameworksBuildPhase;
			buildActionMask = 2147483647;
			files = (
				32EAD00B367FFB5E19F4A392 /* Pods_secondAppUITests.framework in Frameworks */,
			);
			runOnlyForDeploymentPostprocessing = 0;
		};
/* End PBXFrameworksBuildPhase section */

/* Begin PBXGroup section */
		2F7EB2268464E24BF9E42E66 /* Pods */ = {
			isa = PBXGroup;
			children = (
				242B0CD14059F735C4D026F0 /* Pods-secondApp.debug.xcconfig */,
				66D6ADB6E81F3EFDBC9F9C43 /* Pods-secondApp.release.xcconfig */,
				1D373E6F2CF0DDF03463BFA1 /* Pods-secondAppTests.debug.xcconfig */,
				72430F75D4E2ECCC1222D1ED /* Pods-secondAppTests.release.xcconfig */,
				F98701908CD37E3D23EB0BA8 /* Pods-secondAppUITests.debug.xcconfig */,
				25CCCD6FD0A9EAD4344977F5 /* Pods-secondAppUITests.release.xcconfig */,
			);
			name = Pods;
			sourceTree = "<group>";
		};
		3E814F318EB23F3A2564D8F2 /* Frameworks */ = {
			isa = PBXGroup;
			children = (
				20EC06184BFFE1DF667C183C /* Pods_secondApp.framework */,
				204293CBFBD4B9071E49E969 /* Pods_secondAppTests.framework */,
				E62580DF625C3E45D4BF6375 /* Pods_secondAppUITests.framework */,
			);
			name = Frameworks;
			sourceTree = "<group>";
		};
		6DD728E12017BE87009BF0E3 = {
			isa = PBXGroup;
			children = (
				6DD728EC2017BE88009BF0E3 /* secondApp */,
				6DD729042017BE88009BF0E3 /* secondAppTests */,
				6DD7290F2017BE88009BF0E3 /* secondAppUITests */,
				6DD728EB2017BE88009BF0E3 /* Products */,
				2F7EB2268464E24BF9E42E66 /* Pods */,
				3E814F318EB23F3A2564D8F2 /* Frameworks */,
			);
			sourceTree = "<group>";
		};
		6DD728EB2017BE88009BF0E3 /* Products */ = {
			isa = PBXGroup;
			children = (
				6DD728EA2017BE88009BF0E3 /* secondApp.app */,
				6DD729012017BE88009BF0E3 /* secondAppTests.xctest */,
				6DD7290C2017BE88009BF0E3 /* secondAppUITests.xctest */,
			);
			name = Products;
			sourceTree = "<group>";
		};
		6DD728EC2017BE88009BF0E3 /* secondApp */ = {
			isa = PBXGroup;
			children = (
				6DD728ED2017BE88009BF0E3 /* AppDelegate.swift */,
				6DD728F12017BE88009BF0E3 /* Main.storyboard */,
				6DD728F72017BE88009BF0E3 /* Assets.xcassets */,
				6DD728F92017BE88009BF0E3 /* LaunchScreen.storyboard */,
				6DD728FC2017BE88009BF0E3 /* Info.plist */,
				6DD728F42017BE88009BF0E3 /* secondApp.xcdatamodeld */,
				6DD728EF2017BE88009BF0E3 /* ViewController.swift */,
				6D36086C2035A04B00B2C1FE /* SlideViewController.swift */,
				6D36086E203BAB6300B2C1FE /* LeftViewController.swift */,
				6D360870203BB76500B2C1FE /* LeftCell.swift */,
				6D360872203BBABA00B2C1FE /* PlansViewController.swift */,
				6D360874203BBB2300B2C1FE /* UsersViewController.swift */,
				6D36087A2045DF4000B2C1FE /* UsersCell.swift */,
				6D360876203BBB5F00B2C1FE /* QuestionsViewController.swift */,
				6D36087C2047B56E00B2C1FE /* QuestionsCell.swift */,
				6D360878203BBB9100B2C1FE /* SettingsViewController.swift */,
			);
			path = secondApp;
			sourceTree = "<group>";
		};
		6DD729042017BE88009BF0E3 /* secondAppTests */ = {
			isa = PBXGroup;
			children = (
				6DD729052017BE88009BF0E3 /* secondAppTests.swift */,
				6DD729072017BE88009BF0E3 /* Info.plist */,
			);
			path = secondAppTests;
			sourceTree = "<group>";
		};
		6DD7290F2017BE88009BF0E3 /* secondAppUITests */ = {
			isa = PBXGroup;
			children = (
				6DD729102017BE88009BF0E3 /* secondAppUITests.swift */,
				6DD729122017BE88009BF0E3 /* Info.plist */,
			);
			path = secondAppUITests;
			sourceTree = "<group>";
		};
/* End PBXGroup section */

/* Begin PBXNativeTarget section */
		6DD728E92017BE87009BF0E3 /* secondApp */ = {
			isa = PBXNativeTarget;
			buildConfigurationList = 6DD729152017BE88009BF0E3 /* Build configuration list for PBXNativeTarget "secondApp" */;
			buildPhases = (
				D54BFF136E49EEF6ED6D8B44 /* [CP] Check Pods Manifest.lock */,
				6DD728E62017BE87009BF0E3 /* Sources */,
				6DD728E72017BE87009BF0E3 /* Frameworks */,
				6DD728E82017BE87009BF0E3 /* Resources */,
				E10EEF0D3560CC4A703A987F /* [CP] Embed Pods Frameworks */,
				EC475F8E253AC4C598CD0526 /* [CP] Copy Pods Resources */,
			);
			buildRules = (
			);
			dependencies = (
			);
			name = secondApp;
			productName = secondApp;
			productReference = 6DD728EA2017BE88009BF0E3 /* secondApp.app */;
			productType = "com.apple.product-type.application";
		};
		6DD729002017BE88009BF0E3 /* secondAppTests */ = {
			isa = PBXNativeTarget;
			buildConfigurationList = 6DD729182017BE88009BF0E3 /* Build configuration list for PBXNativeTarget "secondAppTests" */;
			buildPhases = (
				2BB3C680D350F3D841ED96BB /* [CP] Check Pods Manifest.lock */,
				6DD728FD2017BE88009BF0E3 /* Sources */,
				6DD728FE2017BE88009BF0E3 /* Frameworks */,
				6DD728FF2017BE88009BF0E3 /* Resources */,
				D46583B1EB1ECFE25D3B40DB /* [CP] Embed Pods Frameworks */,
				14A6909A0C6307FD92C88F86 /* [CP] Copy Pods Resources */,
			);
			buildRules = (
			);
			dependencies = (
				6DD729032017BE88009BF0E3 /* PBXTargetDependency */,
			);
			name = secondAppTests;
			productName = secondAppTests;
			productReference = 6DD729012017BE88009BF0E3 /* secondAppTests.xctest */;
			productType = "com.apple.product-type.bundle.unit-test";
		};
		6DD7290B2017BE88009BF0E3 /* secondAppUITests */ = {
			isa = PBXNativeTarget;
			buildConfigurationList = 6DD7291B2017BE88009BF0E3 /* Build configuration list for PBXNativeTarget "secondAppUITests" */;
			buildPhases = (
				6873D0C46F512F370CED091F /* [CP] Check Pods Manifest.lock */,
				6DD729082017BE88009BF0E3 /* Sources */,
				6DD729092017BE88009BF0E3 /* Frameworks */,
				6DD7290A2017BE88009BF0E3 /* Resources */,
				A11F72227EBB94B1ED709673 /* [CP] Embed Pods Frameworks */,
				308950131646B81CAD130058 /* [CP] Copy Pods Resources */,
			);
			buildRules = (
			);
			dependencies = (
				6DD7290E2017BE88009BF0E3 /* PBXTargetDependency */,
			);
			name = secondAppUITests;
			productName = secondAppUITests;
			productReference = 6DD7290C2017BE88009BF0E3 /* secondAppUITests.xctest */;
			productType = "com.apple.product-type.bundle.ui-testing";
		};
/* End PBXNativeTarget section */

/* Begin PBXProject section */
		6DD728E22017BE87009BF0E3 /* Project object */ = {
			isa = PBXProject;
			attributes = {
				LastSwiftUpdateCheck = 0920;
				LastUpgradeCheck = 0920;
				ORGANIZATIONNAME = "Taiki Kato";
				TargetAttributes = {
					6DD728E92017BE87009BF0E3 = {
						CreatedOnToolsVersion = 9.2;
						ProvisioningStyle = Automatic;
					};
					6DD729002017BE88009BF0E3 = {
						CreatedOnToolsVersion = 9.2;
						ProvisioningStyle = Automatic;
						TestTargetID = 6DD728E92017BE87009BF0E3;
					};
					6DD7290B2017BE88009BF0E3 = {
						CreatedOnToolsVersion = 9.2;
						ProvisioningStyle = Automatic;
						TestTargetID = 6DD728E92017BE87009BF0E3;
					};
				};
			};
			buildConfigurationList = 6DD728E52017BE87009BF0E3 /* Build configuration list for PBXProject "secondApp" */;
			compatibilityVersion = "Xcode 8.0";
			developmentRegion = en;
			hasScannedForEncodings = 0;
			knownRegions = (
				en,
				Base,
			);
			mainGroup = 6DD728E12017BE87009BF0E3;
			productRefGroup = 6DD728EB2017BE88009BF0E3 /* Products */;
			projectDirPath = "";
			projectRoot = "";
			targets = (
				6DD728E92017BE87009BF0E3 /* secondApp */,
				6DD729002017BE88009BF0E3 /* secondAppTests */,
				6DD7290B2017BE88009BF0E3 /* secondAppUITests */,
			);
		};
/* End PBXProject section */

/* Begin PBXResourcesBuildPhase section */
		6DD728E82017BE87009BF0E3 /* Resources */ = {
			isa = PBXResourcesBuildPhase;
			buildActionMask = 2147483647;
			files = (
				6DD728FB2017BE88009BF0E3 /* LaunchScreen.storyboard in Resources */,
				6DD728F82017BE88009BF0E3 /* Assets.xcassets in Resources */,
				6DD728F32017BE88009BF0E3 /* Main.storyboard in Resources */,
			);
			runOnlyForDeploymentPostprocessing = 0;
		};
		6DD728FF2017BE88009BF0E3 /* Resources */ = {
			isa = PBXResourcesBuildPhase;
			buildActionMask = 2147483647;
			files = (
			);
			runOnlyForDeploymentPostprocessing = 0;
		};
		6DD7290A2017BE88009BF0E3 /* Resources */ = {
			isa = PBXResourcesBuildPhase;
			buildActionMask = 2147483647;
			files = (
			);
			runOnlyForDeploymentPostprocessing = 0;
		};
/* End PBXResourcesBuildPhase section */

/* Begin PBXShellScriptBuildPhase section */
		14A6909A0C6307FD92C88F86 /* [CP] Copy Pods Resources */ = {
			isa = PBXShellScriptBuildPhase;
			buildActionMask = 2147483647;
			files = (
			);
			inputPaths = (
			);
			name = "[CP] Copy Pods Resources";
			outputPaths = (
			);
			runOnlyForDeploymentPostprocessing = 0;
			shellPath = /bin/sh;
			shellScript = "\"${SRCROOT}/Pods/Target Support Files/Pods-secondAppTests/Pods-secondAppTests-resources.sh\"\n";
			showEnvVarsInLog = 0;
		};
		2BB3C680D350F3D841ED96BB /* [CP] Check Pods Manifest.lock */ = {
			isa = PBXShellScriptBuildPhase;
			buildActionMask = 2147483647;
			files = (
			);
			inputPaths = (
				"${PODS_PODFILE_DIR_PATH}/Podfile.lock",
				"${PODS_ROOT}/Manifest.lock",
			);
			name = "[CP] Check Pods Manifest.lock";
			outputPaths = (
				"$(DERIVED_FILE_DIR)/Pods-secondAppTests-checkManifestLockResult.txt",
			);
			runOnlyForDeploymentPostprocessing = 0;
			shellPath = /bin/sh;
			shellScript = "diff \"${PODS_PODFILE_DIR_PATH}/Podfile.lock\" \"${PODS_ROOT}/Manifest.lock\" > /dev/null\nif [ $? != 0 ] ; then\n    # print error to STDERR\n    echo \"error: The sandbox is not in sync with the Podfile.lock. Run 'pod install' or update your CocoaPods installation.\" >&2\n    exit 1\nfi\n# This output is used by Xcode 'outputs' to avoid re-running this script phase.\necho \"SUCCESS\" > \"${SCRIPT_OUTPUT_FILE_0}\"\n";
			showEnvVarsInLog = 0;
		};
		308950131646B81CAD130058 /* [CP] Copy Pods Resources */ = {
			isa = PBXShellScriptBuildPhase;
			buildActionMask = 2147483647;
			files = (
			);
			inputPaths = (
			);
			name = "[CP] Copy Pods Resources";
			outputPaths = (
			);
			runOnlyForDeploymentPostprocessing = 0;
			shellPath = /bin/sh;
			shellScript = "\"${SRCROOT}/Pods/Target Support Files/Pods-secondAppUITests/Pods-secondAppUITests-resources.sh\"\n";
			showEnvVarsInLog = 0;
		};
		6873D0C46F512F370CED091F /* [CP] Check Pods Manifest.lock */ = {
			isa = PBXShellScriptBuildPhase;
			buildActionMask = 2147483647;
			files = (
			);
			inputPaths = (
				"${PODS_PODFILE_DIR_PATH}/Podfile.lock",
				"${PODS_ROOT}/Manifest.lock",
			);
			name = "[CP] Check Pods Manifest.lock";
			outputPaths = (
				"$(DERIVED_FILE_DIR)/Pods-secondAppUITests-checkManifestLockResult.txt",
			);
			runOnlyForDeploymentPostprocessing = 0;
			shellPath = /bin/sh;
			shellScript = "diff \"${PODS_PODFILE_DIR_PATH}/Podfile.lock\" \"${PODS_ROOT}/Manifest.lock\" > /dev/null\nif [ $? != 0 ] ; then\n    # print error to STDERR\n    echo \"error: The sandbox is not in sync with the Podfile.lock. Run 'pod install' or update your CocoaPods installation.\" >&2\n    exit 1\nfi\n# This output is used by Xcode 'outputs' to avoid re-running this script phase.\necho \"SUCCESS\" > \"${SCRIPT_OUTPUT_FILE_0}\"\n";
			showEnvVarsInLog = 0;
		};
		A11F72227EBB94B1ED709673 /* [CP] Embed Pods Frameworks */ = {
			isa = PBXShellScriptBuildPhase;
			buildActionMask = 2147483647;
			files = (
			);
			inputPaths = (
			);
			name = "[CP] Embed Pods Frameworks";
			outputPaths = (
			);
			runOnlyForDeploymentPostprocessing = 0;
			shellPath = /bin/sh;
			shellScript = "\"${SRCROOT}/Pods/Target Support Files/Pods-secondAppUITests/Pods-secondAppUITests-frameworks.sh\"\n";
			showEnvVarsInLog = 0;
		};
		D46583B1EB1ECFE25D3B40DB /* [CP] Embed Pods Frameworks */ = {
			isa = PBXShellScriptBuildPhase;
			buildActionMask = 2147483647;
			files = (
			);
			inputPaths = (
			);
			name = "[CP] Embed Pods Frameworks";
			outputPaths = (
			);
			runOnlyForDeploymentPostprocessing = 0;
			shellPath = /bin/sh;
			shellScript = "\"${SRCROOT}/Pods/Target Support Files/Pods-secondAppTests/Pods-secondAppTests-frameworks.sh\"\n";
			showEnvVarsInLog = 0;
		};
		D54BFF136E49EEF6ED6D8B44 /* [CP] Check Pods Manifest.lock */ = {
			isa = PBXShellScriptBuildPhase;
			buildActionMask = 2147483647;
			files = (
			);
			inputPaths = (
				"${PODS_PODFILE_DIR_PATH}/Podfile.lock",
				"${PODS_ROOT}/Manifest.lock",
			);
			name = "[CP] Check Pods Manifest.lock";
			outputPaths = (
				"$(DERIVED_FILE_DIR)/Pods-secondApp-checkManifestLockResult.txt",
			);
			runOnlyForDeploymentPostprocessing = 0;
			shellPath = /bin/sh;
			shellScript = "diff \"${PODS_PODFILE_DIR_PATH}/Podfile.lock\" \"${PODS_ROOT}/Manifest.lock\" > /dev/null\nif [ $? != 0 ] ; then\n    # print error to STDERR\n    echo \"error: The sandbox is not in sync with the Podfile.lock. Run 'pod install' or update your CocoaPods installation.\" >&2\n    exit 1\nfi\n# This output is used by Xcode 'outputs' to avoid re-running this script phase.\necho \"SUCCESS\" > \"${SCRIPT_OUTPUT_FILE_0}\"\n";
			showEnvVarsInLog = 0;
		};
		E10EEF0D3560CC4A703A987F /* [CP] Embed Pods Frameworks */ = {
			isa = PBXShellScriptBuildPhase;
			buildActionMask = 2147483647;
			files = (
			);
			inputPaths = (
				"${SRCROOT}/Pods/Target Support Files/Pods-secondApp/Pods-secondApp-frameworks.sh",
				"${BUILT_PRODUCTS_DIR}/FontAwesome.swift/FontAwesome_swift.framework",
				"${BUILT_PRODUCTS_DIR}/SlideMenuControllerSwift/SlideMenuControllerSwift.framework",
			);
			name = "[CP] Embed Pods Frameworks";
			outputPaths = (
				"${TARGET_BUILD_DIR}/${FRAMEWORKS_FOLDER_PATH}/FontAwesome_swift.framework",
				"${TARGET_BUILD_DIR}/${FRAMEWORKS_FOLDER_PATH}/SlideMenuControllerSwift.framework",
			);
			runOnlyForDeploymentPostprocessing = 0;
			shellPath = /bin/sh;
			shellScript = "\"${SRCROOT}/Pods/Target Support Files/Pods-secondApp/Pods-secondApp-frameworks.sh\"\n";
			showEnvVarsInLog = 0;
		};
		EC475F8E253AC4C598CD0526 /* [CP] Copy Pods Resources */ = {
			isa = PBXShellScriptBuildPhase;
			buildActionMask = 2147483647;
			files = (
			);
			inputPaths = (
			);
			name = "[CP] Copy Pods Resources";
			outputPaths = (
			);
			runOnlyForDeploymentPostprocessing = 0;
			shellPath = /bin/sh;
			shellScript = "\"${SRCROOT}/Pods/Target Support Files/Pods-secondApp/Pods-secondApp-resources.sh\"\n";
			showEnvVarsInLog = 0;
		};
/* End PBXShellScriptBuildPhase section */

/* Begin PBXSourcesBuildPhase section */
		6DD728E62017BE87009BF0E3 /* Sources */ = {
			isa = PBXSourcesBuildPhase;
			buildActionMask = 2147483647;
			files = (
				6D360871203BB76500B2C1FE /* LeftCell.swift in Sources */,
				6D36087D2047B56E00B2C1FE /* QuestionsCell.swift in Sources */,
				6D36086D2035A04B00B2C1FE /* SlideViewController.swift in Sources */,
				6DD728F02017BE88009BF0E3 /* ViewController.swift in Sources */,
				6D360879203BBB9100B2C1FE /* SettingsViewController.swift in Sources */,
				6D360873203BBABA00B2C1FE /* PlansViewController.swift in Sources */,
				6DD728F62017BE88009BF0E3 /* secondApp.xcdatamodeld in Sources */,
				6D360877203BBB5F00B2C1FE /* QuestionsViewController.swift in Sources */,
				6D36087B2045DF4000B2C1FE /* UsersCell.swift in Sources */,
				6D360875203BBB2300B2C1FE /* UsersViewController.swift in Sources */,
				6D36086F203BAB6300B2C1FE /* LeftViewController.swift in Sources */,
				6DD728EE2017BE88009BF0E3 /* AppDelegate.swift in Sources */,
			);
			runOnlyForDeploymentPostprocessing = 0;
		};
		6DD728FD2017BE88009BF0E3 /* Sources */ = {
			isa = PBXSourcesBuildPhase;
			buildActionMask = 2147483647;
			files = (
				6DD729062017BE88009BF0E3 /* secondAppTests.swift in Sources */,
			);
			runOnlyForDeploymentPostprocessing = 0;
		};
		6DD729082017BE88009BF0E3 /* Sources */ = {
			isa = PBXSourcesBuildPhase;
			buildActionMask = 2147483647;
			files = (
				6DD729112017BE88009BF0E3 /* secondAppUITests.swift in Sources */,
			);
			runOnlyForDeploymentPostprocessing = 0;
		};
/* End PBXSourcesBuildPhase section */

/* Begin PBXTargetDependency section */
		6DD729032017BE88009BF0E3 /* PBXTargetDependency */ = {
			isa = PBXTargetDependency;
			target = 6DD728E92017BE87009BF0E3 /* secondApp */;
			targetProxy = 6DD729022017BE88009BF0E3 /* PBXContainerItemProxy */;
		};
		6DD7290E2017BE88009BF0E3 /* PBXTargetDependency */ = {
			isa = PBXTargetDependency;
			target = 6DD728E92017BE87009BF0E3 /* secondApp */;
			targetProxy = 6DD7290D2017BE88009BF0E3 /* PBXContainerItemProxy */;
		};
/* End PBXTargetDependency section */

/* Begin PBXVariantGroup section */
		6DD728F12017BE88009BF0E3 /* Main.storyboard */ = {
			isa = PBXVariantGroup;
			children = (
				6DD728F22017BE88009BF0E3 /* Base */,
			);
			name = Main.storyboard;
			sourceTree = "<group>";
		};
		6DD728F92017BE88009BF0E3 /* LaunchScreen.storyboard */ = {
			isa = PBXVariantGroup;
			children = (
				6DD728FA2017BE88009BF0E3 /* Base */,
			);
			name = LaunchScreen.storyboard;
			sourceTree = "<group>";
		};
/* End PBXVariantGroup section */

/* Begin XCBuildConfiguration section */
		6DD729132017BE88009BF0E3 /* Debug */ = {
			isa = XCBuildConfiguration;
			buildSettings = {
				ALWAYS_SEARCH_USER_PATHS = NO;
				CLANG_ANALYZER_NONNULL = YES;
				CLANG_ANALYZER_NUMBER_OBJECT_CONVERSION = YES_AGGRESSIVE;
				CLANG_CXX_LANGUAGE_STANDARD = "gnu++14";
				CLANG_CXX_LIBRARY = "libc++";
				CLANG_ENABLE_MODULES = YES;
				CLANG_ENABLE_OBJC_ARC = YES;
				CLANG_WARN_BLOCK_CAPTURE_AUTORELEASING = YES;
				CLANG_WARN_BOOL_CONVERSION = YES;
				CLANG_WARN_COMMA = YES;
				CLANG_WARN_CONSTANT_CONVERSION = YES;
				CLANG_WARN_DIRECT_OBJC_ISA_USAGE = YES_ERROR;
				CLANG_WARN_DOCUMENTATION_COMMENTS = YES;
				CLANG_WARN_EMPTY_BODY = YES;
				CLANG_WARN_ENUM_CONVERSION = YES;
				CLANG_WARN_INFINITE_RECURSION = YES;
				CLANG_WARN_INT_CONVERSION = YES;
				CLANG_WARN_NON_LITERAL_NULL_CONVERSION = YES;
				CLANG_WARN_OBJC_LITERAL_CONVERSION = YES;
				CLANG_WARN_OBJC_ROOT_CLASS = YES_ERROR;
				CLANG_WARN_RANGE_LOOP_ANALYSIS = YES;
				CLANG_WARN_STRICT_PROTOTYPES = YES;
				CLANG_WARN_SUSPICIOUS_MOVE = YES;
				CLANG_WARN_UNGUARDED_AVAILABILITY = YES_AGGRESSIVE;
				CLANG_WARN_UNREACHABLE_CODE = YES;
				CLANG_WARN__DUPLICATE_METHOD_MATCH = YES;
				CODE_SIGN_IDENTITY = "iPhone Developer";
				COPY_PHASE_STRIP = NO;
				DEBUG_INFORMATION_FORMAT = dwarf;
				ENABLE_STRICT_OBJC_MSGSEND = YES;
				ENABLE_TESTABILITY = YES;
				GCC_C_LANGUAGE_STANDARD = gnu11;
				GCC_DYNAMIC_NO_PIC = NO;
				GCC_NO_COMMON_BLOCKS = YES;
				GCC_OPTIMIZATION_LEVEL = 0;
				GCC_PREPROCESSOR_DEFINITIONS = (
					"DEBUG=1",
					"$(inherited)",
				);
				GCC_WARN_64_TO_32_BIT_CONVERSION = YES;
				GCC_WARN_ABOUT_RETURN_TYPE = YES_ERROR;
				GCC_WARN_UNDECLARED_SELECTOR = YES;
				GCC_WARN_UNINITIALIZED_AUTOS = YES_AGGRESSIVE;
				GCC_WARN_UNUSED_FUNCTION = YES;
				GCC_WARN_UNUSED_VARIABLE = YES;
				IPHONEOS_DEPLOYMENT_TARGET = 11.2;
				MTL_ENABLE_DEBUG_INFO = YES;
				ONLY_ACTIVE_ARCH = YES;
				SDKROOT = iphoneos;
				SWIFT_ACTIVE_COMPILATION_CONDITIONS = DEBUG;
				SWIFT_OPTIMIZATION_LEVEL = "-Onone";
			};
			name = Debug;
		};
		6DD729142017BE88009BF0E3 /* Release */ = {
			isa = XCBuildConfiguration;
			buildSettings = {
				ALWAYS_SEARCH_USER_PATHS = NO;
				CLANG_ANALYZER_NONNULL = YES;
				CLANG_ANALYZER_NUMBER_OBJECT_CONVERSION = YES_AGGRESSIVE;
				CLANG_CXX_LANGUAGE_STANDARD = "gnu++14";
				CLANG_CXX_LIBRARY = "libc++";
				CLANG_ENABLE_MODULES = YES;
				CLANG_ENABLE_OBJC_ARC = YES;
				CLANG_WARN_BLOCK_CAPTURE_AUTORELEASING = YES;
				CLANG_WARN_BOOL_CONVERSION = YES;
				CLANG_WARN_COMMA = YES;
				CLANG_WARN_CONSTANT_CONVERSION = YES;
				CLANG_WARN_DIRECT_OBJC_ISA_USAGE = YES_ERROR;
				CLANG_WARN_DOCUMENTATION_COMMENTS = YES;
				CLANG_WARN_EMPTY_BODY = YES;
				CLANG_WARN_ENUM_CONVERSION = YES;
				CLANG_WARN_INFINITE_RECURSION = YES;
				CLANG_WARN_INT_CONVERSION = YES;
				CLANG_WARN_NON_LITERAL_NULL_CONVERSION = YES;
				CLANG_WARN_OBJC_LITERAL_CONVERSION = YES;
				CLANG_WARN_OBJC_ROOT_CLASS = YES_ERROR;
				CLANG_WARN_RANGE_LOOP_ANALYSIS = YES;
				CLANG_WARN_STRICT_PROTOTYPES = YES;
				CLANG_WARN_SUSPICIOUS_MOVE = YES;
				CLANG_WARN_UNGUARDED_AVAILABILITY = YES_AGGRESSIVE;
				CLANG_WARN_UNREACHABLE_CODE = YES;
				CLANG_WARN__DUPLICATE_METHOD_MATCH = YES;
				CODE_SIGN_IDENTITY = "iPhone Developer";
				COPY_PHASE_STRIP = NO;
				DEBUG_INFORMATION_FORMAT = "dwarf-with-dsym";
				ENABLE_NS_ASSERTIONS = NO;
				ENABLE_STRICT_OBJC_MSGSEND = YES;
				GCC_C_LANGUAGE_STANDARD = gnu11;
				GCC_NO_COMMON_BLOCKS = YES;
				GCC_WARN_64_TO_32_BIT_CONVERSION = YES;
				GCC_WARN_ABOUT_RETURN_TYPE = YES_ERROR;
				GCC_WARN_UNDECLARED_SELECTOR = YES;
				GCC_WARN_UNINITIALIZED_AUTOS = YES_AGGRESSIVE;
				GCC_WARN_UNUSED_FUNCTION = YES;
				GCC_WARN_UNUSED_VARIABLE = YES;
				IPHONEOS_DEPLOYMENT_TARGET = 11.2;
				MTL_ENABLE_DEBUG_INFO = NO;
				SDKROOT = iphoneos;
				SWIFT_OPTIMIZATION_LEVEL = "-Owholemodule";
				VALIDATE_PRODUCT = YES;
			};
			name = Release;
		};
		6DD729162017BE88009BF0E3 /* Debug */ = {
			isa = XCBuildConfiguration;
			baseConfigurationReference = 242B0CD14059F735C4D026F0 /* Pods-secondApp.debug.xcconfig */;
			buildSettings = {
				ASSETCATALOG_COMPILER_APPICON_NAME = AppIcon;
				CODE_SIGN_STYLE = Automatic;
				DEVELOPMENT_TEAM = E8JB34R6BT;
				INFOPLIST_FILE = secondApp/Info.plist;
				LD_RUNPATH_SEARCH_PATHS = "$(inherited) @executable_path/Frameworks";
				PRODUCT_BUNDLE_IDENTIFIER = com.taikikato.secondApp;
				PRODUCT_NAME = "$(TARGET_NAME)";
				SWIFT_VERSION = 4.0;
				TARGETED_DEVICE_FAMILY = "1,2";
			};
			name = Debug;
		};
		6DD729172017BE88009BF0E3 /* Release */ = {
			isa = XCBuildConfiguration;
			baseConfigurationReference = 66D6ADB6E81F3EFDBC9F9C43 /* Pods-secondApp.release.xcconfig */;
			buildSettings = {
				ASSETCATALOG_COMPILER_APPICON_NAME = AppIcon;
				CODE_SIGN_STYLE = Automatic;
				DEVELOPMENT_TEAM = E8JB34R6BT;
				INFOPLIST_FILE = secondApp/Info.plist;
				LD_RUNPATH_SEARCH_PATHS = "$(inherited) @executable_path/Frameworks";
				PRODUCT_BUNDLE_IDENTIFIER = com.taikikato.secondApp;
				PRODUCT_NAME = "$(TARGET_NAME)";
				SWIFT_VERSION = 4.0;
				TARGETED_DEVICE_FAMILY = "1,2";
			};
			name = Release;
		};
		6DD729192017BE88009BF0E3 /* Debug */ = {
			isa = XCBuildConfiguration;
			baseConfigurationReference = 1D373E6F2CF0DDF03463BFA1 /* Pods-secondAppTests.debug.xcconfig */;
			buildSettings = {
				ALWAYS_EMBED_SWIFT_STANDARD_LIBRARIES = YES;
				BUNDLE_LOADER = "$(TEST_HOST)";
				CODE_SIGN_STYLE = Automatic;
				DEVELOPMENT_TEAM = E8JB34R6BT;
				INFOPLIST_FILE = secondAppTests/Info.plist;
				LD_RUNPATH_SEARCH_PATHS = "$(inherited) @executable_path/Frameworks @loader_path/Frameworks";
				PRODUCT_BUNDLE_IDENTIFIER = com.taikikato.secondAppTests;
				PRODUCT_NAME = "$(TARGET_NAME)";
				SWIFT_VERSION = 4.0;
				TARGETED_DEVICE_FAMILY = "1,2";
				TEST_HOST = "$(BUILT_PRODUCTS_DIR)/secondApp.app/secondApp";
			};
			name = Debug;
		};
		6DD7291A2017BE88009BF0E3 /* Release */ = {
			isa = XCBuildConfiguration;
			baseConfigurationReference = 72430F75D4E2ECCC1222D1ED /* Pods-secondAppTests.release.xcconfig */;
			buildSettings = {
				ALWAYS_EMBED_SWIFT_STANDARD_LIBRARIES = YES;
				BUNDLE_LOADER = "$(TEST_HOST)";
				CODE_SIGN_STYLE = Automatic;
				DEVELOPMENT_TEAM = E8JB34R6BT;
				INFOPLIST_FILE = secondAppTests/Info.plist;
				LD_RUNPATH_SEARCH_PATHS = "$(inherited) @executable_path/Frameworks @loader_path/Frameworks";
				PRODUCT_BUNDLE_IDENTIFIER = com.taikikato.secondAppTests;
				PRODUCT_NAME = "$(TARGET_NAME)";
				SWIFT_VERSION = 4.0;
				TARGETED_DEVICE_FAMILY = "1,2";
				TEST_HOST = "$(BUILT_PRODUCTS_DIR)/secondApp.app/secondApp";
			};
			name = Release;
		};
		6DD7291C2017BE88009BF0E3 /* Debug */ = {
			isa = XCBuildConfiguration;
			baseConfigurationReference = F98701908CD37E3D23EB0BA8 /* Pods-secondAppUITests.debug.xcconfig */;
			buildSettings = {
				ALWAYS_EMBED_SWIFT_STANDARD_LIBRARIES = YES;
				CODE_SIGN_STYLE = Automatic;
				DEVELOPMENT_TEAM = E8JB34R6BT;
				INFOPLIST_FILE = secondAppUITests/Info.plist;
				LD_RUNPATH_SEARCH_PATHS = "$(inherited) @executable_path/Frameworks @loader_path/Frameworks";
				PRODUCT_BUNDLE_IDENTIFIER = com.taikikato.secondAppUITests;
				PRODUCT_NAME = "$(TARGET_NAME)";
				SWIFT_VERSION = 4.0;
				TARGETED_DEVICE_FAMILY = "1,2";
				TEST_TARGET_NAME = secondApp;
			};
			name = Debug;
		};
		6DD7291D2017BE88009BF0E3 /* Release */ = {
			isa = XCBuildConfiguration;
			baseConfigurationReference = 25CCCD6FD0A9EAD4344977F5 /* Pods-secondAppUITests.release.xcconfig */;
			buildSettings = {
				ALWAYS_EMBED_SWIFT_STANDARD_LIBRARIES = YES;
				CODE_SIGN_STYLE = Automatic;
				DEVELOPMENT_TEAM = E8JB34R6BT;
				INFOPLIST_FILE = secondAppUITests/Info.plist;
				LD_RUNPATH_SEARCH_PATHS = "$(inherited) @executable_path/Frameworks @loader_path/Frameworks";
				PRODUCT_BUNDLE_IDENTIFIER = com.taikikato.secondAppUITests;
				PRODUCT_NAME = "$(TARGET_NAME)";
				SWIFT_VERSION = 4.0;
				TARGETED_DEVICE_FAMILY = "1,2";
				TEST_TARGET_NAME = secondApp;
			};
			name = Release;
		};
/* End XCBuildConfiguration section */

/* Begin XCConfigurationList section */
		6DD728E52017BE87009BF0E3 /* Build configuration list for PBXProject "secondApp" */ = {
			isa = XCConfigurationList;
			buildConfigurations = (
				6DD729132017BE88009BF0E3 /* Debug */,
				6DD729142017BE88009BF0E3 /* Release */,
			);
			defaultConfigurationIsVisible = 0;
			defaultConfigurationName = Release;
		};
		6DD729152017BE88009BF0E3 /* Build configuration list for PBXNativeTarget "secondApp" */ = {
			isa = XCConfigurationList;
			buildConfigurations = (
				6DD729162017BE88009BF0E3 /* Debug */,
				6DD729172017BE88009BF0E3 /* Release */,
			);
			defaultConfigurationIsVisible = 0;
			defaultConfigurationName = Release;
		};
		6DD729182017BE88009BF0E3 /* Build configuration list for PBXNativeTarget "secondAppTests" */ = {
			isa = XCConfigurationList;
			buildConfigurations = (
				6DD729192017BE88009BF0E3 /* Debug */,
				6DD7291A2017BE88009BF0E3 /* Release */,
			);
			defaultConfigurationIsVisible = 0;
			defaultConfigurationName = Release;
		};
		6DD7291B2017BE88009BF0E3 /* Build configuration list for PBXNativeTarget "secondAppUITests" */ = {
			isa = XCConfigurationList;
			buildConfigurations = (
				6DD7291C2017BE88009BF0E3 /* Debug */,
				6DD7291D2017BE88009BF0E3 /* Release */,
			);
			defaultConfigurationIsVisible = 0;
			defaultConfigurationName = Release;
		};
/* End XCConfigurationList section */

/* Begin XCVersionGroup section */
		6DD728F42017BE88009BF0E3 /* secondApp.xcdatamodeld */ = {
			isa = XCVersionGroup;
			children = (
				6DD728F52017BE88009BF0E3 /* secondApp.xcdatamodel */,
			);
			currentVersion = 6DD728F52017BE88009BF0E3 /* secondApp.xcdatamodel */;
			path = secondApp.xcdatamodeld;
			sourceTree = "<group>";
			versionGroupType = wrapper.xcdatamodel;
		};
/* End XCVersionGroup section */
	};
	rootObject = 6DD728E22017BE87009BF0E3 /* Project object */;
}
